{
  "lockfile_version": "1",
  "packages": {
    "github:NixOS/nixpkgs/nixpkgs-unstable": {
      "last_modified": "2025-10-20T13:06:07Z",
      "resolved": "github:NixOS/nixpkgs/cb82756ecc37fa623f8cf3e88854f9bf7f64af93?lastModified=1760965567"
    },
    "nodejs-slim@24.10.0": {
      "last_modified": "2025-10-11T06:31:15Z",
      "plugin_version": "0.0.2",
      "resolved": "github:NixOS/nixpkgs/362791944032cb532aabbeed7887a441496d5e6e#nodejs-slim_24",
      "source": "devbox-search",
      "version": "24.10.0",
      "systems": {
        "aarch64-darwin": {
          "outputs": [
            {
              "name": "out",
              "path": "/nix/store/8lrawva2x4zx81302pi1mi40iavdv8ib-nodejs-slim-24.10.0",
              "default": true
            },
            {
              "name": "dev",
              "path": "/nix/store/ib6xzmi6zw3pghrwn175accrigpg7a9g-nodejs-slim-24.10.0-dev"
            },
            {
              "name": "libv8",
              "path": "/nix/store/sf2j7w7pxd7pc4nvhp18al585gs90y52-nodejs-slim-24.10.0-libv8"
            }
          ],
          "store_path": "/nix/store/8lrawva2x4zx81302pi1mi40iavdv8ib-nodejs-slim-24.10.0"
        },
        "aarch64-linux": {
          "outputs": [
            {
              "name": "out",
              "path": "/nix/store/cga0yc9pldf9mv3indf17vqj99pxmg2m-nodejs-slim-24.10.0",
              "default": true
            },
            {
              "name": "dev",
              "path": "/nix/store/azyxfizpd4qkwj4ajl0a8gql7iga7r4l-nodejs-slim-24.10.0-dev"
            },
            {
              "name": "libv8",
              "path": "/nix/store/ia25dah925h3c9xgshzbqdb8ijgqj6p3-nodejs-slim-24.10.0-libv8"
            }
          ],
          "store_path": "/nix/store/cga0yc9pldf9mv3indf17vqj99pxmg2m-nodejs-slim-24.10.0"
        },
        "x86_64-darwin": {
          "outputs": [
            {
              "name": "out",
              "path": "/nix/store/4xaqbikrfg8lvy3k1nqhgj7llcb9bg5a-nodejs-slim-24.10.0",
              "default": true
            },
            {
              "name": "libv8",
              "path": "/nix/store/xdb905hfmarvvxszx6rjjy21a196x13h-nodejs-slim-24.10.0-libv8"
            },
            {
              "name": "dev",
              "path": "/nix/store/99db6i935n9m7zpnd9q0h8djahvhplaj-nodejs-slim-24.10.0-dev"
            }
          ],
          "store_path": "/nix/store/4xaqbikrfg8lvy3k1nqhgj7llcb9bg5a-nodejs-slim-24.10.0"
        },
        "x86_64-linux": {
          "outputs": [
            {
              "name": "out",
              "path": "/nix/store/amnjv2hjvh01m4lahyrawyprs1d2d09k-nodejs-slim-24.10.0",
              "default": true
            },
            {
              "name": "dev",
              "path": "/nix/store/ph54mb4q7iblx25jj361nacf4yph5crn-nodejs-slim-24.10.0-dev"
            },
            {
              "name": "libv8",
              "path": "/nix/store/myhkyqf78kzav7n7a8nqizsj6n5whn84-nodejs-slim-24.10.0-libv8"
            }
          ],
          "store_path": "/nix/store/amnjv2hjvh01m4lahyrawyprs1d2d09k-nodejs-slim-24.10.0"
        }
      }
    }
  }
}
