{
  "lockfile_version": "1",
  "packages": {
    "corepack@latest": {
      "last_modified": "2026-05-21T08:15:18Z",
      "resolved": "github:NixOS/nixpkgs/4a29d733e8a7d5b824c3d8c958a946a9867b3eb2#corepack",
      "source": "devbox-search",
      "version": "0.35.0",
      "systems": {
        "aarch64-darwin": {
          "outputs": [
            {
              "name": "out",
              "path": "/nix/store/l3awryym5fh66w3ilk9f1gcxkq06fi2r-corepack-0.35.0",
              "default": true
            }
          ],
          "store_path": "/nix/store/l3awryym5fh66w3ilk9f1gcxkq06fi2r-corepack-0.35.0"
        },
        "aarch64-linux": {
          "outputs": [
            {
              "name": "out",
              "path": "/nix/store/mnqyciqkz9fnmsy6i6w7d7hlc8arq819-corepack-0.35.0",
              "default": true
            }
          ],
          "store_path": "/nix/store/mnqyciqkz9fnmsy6i6w7d7hlc8arq819-corepack-0.35.0"
        },
        "x86_64-darwin": {
          "outputs": [
            {
              "name": "out",
              "path": "/nix/store/yzwg1favqdxjgj20jax6isk3m87kbyba-corepack-0.35.0",
              "default": true
            }
          ],
          "store_path": "/nix/store/yzwg1favqdxjgj20jax6isk3m87kbyba-corepack-0.35.0"
        },
        "x86_64-linux": {
          "outputs": [
            {
              "name": "out",
              "path": "/nix/store/pjqdmkidmqzbpi34xbs0wnl20ra5h9y0-corepack-0.35.0",
              "default": true
            }
          ],
          "store_path": "/nix/store/pjqdmkidmqzbpi34xbs0wnl20ra5h9y0-corepack-0.35.0"
        }
      }
    },
    "github:NixOS/nixpkgs/nixpkgs-unstable": {
      "last_modified": "2026-06-28T08:48:41Z",
      "resolved": "github:NixOS/nixpkgs/e1c1b84752fb0897897380a3cae9dc7fcab91ca3?lastModified=1782636521"
    },
    "nodejs@26": {
      "last_modified": "2026-06-22T09:00:13Z",
      "resolved": "github:NixOS/nixpkgs/b3c092d3c36d91e2f61f3dfb39a159f180a56659#nodejs_26",
      "source": "devbox-search",
      "version": "26.3.1",
      "systems": {
        "aarch64-darwin": {
          "outputs": [
            {
              "name": "out",
              "path": "/nix/store/4vsghy73m3avl125hgcfi47zl30bgckk-nodejs-26.3.1",
              "default": true
            }
          ],
          "store_path": "/nix/store/4vsghy73m3avl125hgcfi47zl30bgckk-nodejs-26.3.1"
        },
        "aarch64-linux": {
          "outputs": [
            {
              "name": "out",
              "path": "/nix/store/hai9lafg40lrnnj4n7ma00lw2lln9272-nodejs-26.3.1",
              "default": true
            }
          ],
          "store_path": "/nix/store/hai9lafg40lrnnj4n7ma00lw2lln9272-nodejs-26.3.1"
        },
        "x86_64-darwin": {
          "outputs": [
            {
              "name": "out",
              "path": "/nix/store/d2psl5gpk7jqqc12zv4i75sspkpkggpm-nodejs-26.3.1",
              "default": true
            }
          ],
          "store_path": "/nix/store/d2psl5gpk7jqqc12zv4i75sspkpkggpm-nodejs-26.3.1"
        },
        "x86_64-linux": {
          "outputs": [
            {
              "name": "out",
              "path": "/nix/store/q8zsbl8xg2dhg0y8gc22zgblkyhxxgp3-nodejs-26.3.1",
              "default": true
            }
          ],
          "store_path": "/nix/store/q8zsbl8xg2dhg0y8gc22zgblkyhxxgp3-nodejs-26.3.1"
        }
      }
    }
  }
}
