{
  "lockfile_version": "1",
  "packages": {
    "github:NixOS/nixpkgs/nixpkgs-unstable": {
      "last_modified": "2025-12-19T06:18:24Z",
      "resolved": "github:NixOS/nixpkgs/7d853e518814cca2a657b72eeba67ae20ebf7059?lastModified=1766125104"
    },
    "nodejs-slim@24.12.0": {
      "last_modified": "2025-12-18T02:44:17Z",
      "plugin_version": "0.0.2",
      "resolved": "github:NixOS/nixpkgs/def3da69945bbe338c373fddad5a1bb49cf199ce#nodejs-slim_24",
      "source": "devbox-search",
      "version": "24.12.0",
      "systems": {
        "aarch64-darwin": {
          "outputs": [
            {
              "name": "out",
              "path": "/nix/store/7aqqbabnh8scswhynbnspgh5fjiazc8j-nodejs-slim-24.12.0",
              "default": true
            },
            {
              "name": "dev",
              "path": "/nix/store/axfm89554rvyws1kfli3qmja29dxrnxc-nodejs-slim-24.12.0-dev"
            },
            {
              "name": "libv8",
              "path": "/nix/store/6aanjf1xzjbr5lk43sh9vmkd3lmqxpxj-nodejs-slim-24.12.0-libv8"
            }
          ],
          "store_path": "/nix/store/7aqqbabnh8scswhynbnspgh5fjiazc8j-nodejs-slim-24.12.0"
        },
        "aarch64-linux": {
          "outputs": [
            {
              "name": "out",
              "path": "/nix/store/p77shsi65w3y1yr8f15apkfs1isz43cb-nodejs-slim-24.12.0",
              "default": true
            },
            {
              "name": "dev",
              "path": "/nix/store/cdkvlbc9872il5yb2163k3p7iwz2w992-nodejs-slim-24.12.0-dev"
            },
            {
              "name": "libv8",
              "path": "/nix/store/rndspg05dg9j41vjzbfhkkb9k3pl0qks-nodejs-slim-24.12.0-libv8"
            }
          ],
          "store_path": "/nix/store/p77shsi65w3y1yr8f15apkfs1isz43cb-nodejs-slim-24.12.0"
        },
        "x86_64-darwin": {
          "outputs": [
            {
              "name": "out",
              "path": "/nix/store/d9d39grkg6rpjv3bdz6ljsj2r8y7z5cg-nodejs-slim-24.12.0",
              "default": true
            },
            {
              "name": "libv8",
              "path": "/nix/store/n9g9zwrrzfln2c1dd5kjg2zyrwilj2wi-nodejs-slim-24.12.0-libv8"
            },
            {
              "name": "dev",
              "path": "/nix/store/z7vycmms8k1bnss3wv3z65dvi6309qg5-nodejs-slim-24.12.0-dev"
            }
          ],
          "store_path": "/nix/store/d9d39grkg6rpjv3bdz6ljsj2r8y7z5cg-nodejs-slim-24.12.0"
        },
        "x86_64-linux": {
          "outputs": [
            {
              "name": "out",
              "path": "/nix/store/pkc31cfrm7sjmv3ljwkdfh29g3xxkfd0-nodejs-slim-24.12.0",
              "default": true
            },
            {
              "name": "dev",
              "path": "/nix/store/33ldgdp062smqnqbp7sl9hc0jsxi2pcp-nodejs-slim-24.12.0-dev"
            },
            {
              "name": "libv8",
              "path": "/nix/store/qkb9dsriz7m9dack4z15r0r4s0cnjpif-nodejs-slim-24.12.0-libv8"
            }
          ],
          "store_path": "/nix/store/pkc31cfrm7sjmv3ljwkdfh29g3xxkfd0-nodejs-slim-24.12.0"
        }
      }
    }
  }
}
